
Microsoft Visual Studio Solution File, Format Version 12.00
# Visual Studio Version 16
VisualStudioVersion = 16.0.30011.22
MinimumVisualStudioVersion = 10.0.40219.1
Project("{FAE04EC0-301F-11D3-BF4B-00C04F79EFBC}") = "CardGame", "CardGame.csproj", "{86904B61-41A4-4B5C-A77F-CFBFB5F4F3C9}"
EndProject
Project("{FAE04EC0-301F-11D3-BF4B-00C04F79EFBC}") = "CardGame.Domain", "..\CardGame.Domain\CardGame.Domain.csproj", "{08FFEF66-1197-4DC0-9378-A1B44213DB13}"
EndProject
Global
	GlobalSection(SolutionConfigurationPlatforms) = preSolution
		Debug|Any CPU = Debug|Any CPU
		Release|Any CPU = Release|Any CPU
	EndGlobalSection
	GlobalSection(ProjectConfigurationPlatforms) = postSolution
		{86904B61-41A4-4B5C-A77F-CFBFB5F4F3C9}.Debug|Any CPU.ActiveCfg = Debug|Any CPU
		{86904B61-41A4-4B5C-A77F-CFBFB5F4F3C9}.Debug|Any CPU.Build.0 = Debug|Any CPU
		{86904B61-41A4-4B5C-A77F-CFBFB5F4F3C9}.Release|Any CPU.ActiveCfg = Release|Any CPU
		{86904B61-41A4-4B5C-A77F-CFBFB5F4F3C9}.Release|Any CPU.Build.0 = Release|Any CPU
		{08FFEF66-1197-4DC0-9378-A1B44213DB13}.Debug|Any CPU.ActiveCfg = Debug|Any CPU
		{08FFEF66-1197-4DC0-9378-A1B44213DB13}.Debug|Any CPU.Build.0 = Debug|Any CPU
		{08FFEF66-1197-4DC0-9378-A1B44213DB13}.Release|Any CPU.ActiveCfg = Release|Any CPU
		{08FFEF66-1197-4DC0-9378-A1B44213DB13}.Release|Any CPU.Build.0 = Release|Any CPU
	EndGlobalSection
	GlobalSection(SolutionProperties) = preSolution
		HideSolutionNode = FALSE
	EndGlobalSection
	GlobalSection(ExtensibilityGlobals) = postSolution
		SolutionGuid = {7AA77513-B4B4-4AE1-9781-FC67B74E75E9}
	EndGlobalSection
EndGlobal
